
Microsoft Visual Studio Solution File, Format Version 12.00
# Visual Studio Version 17
VisualStudioVersion = 17.2.32630.192
MinimumVisualStudioVersion = 10.0.40219.1
Project("{FAE04EC0-301F-11D3-BF4B-00C04F79EFBC}") = "MyCoreApp", "MyCoreApp\MyCoreApp.csproj", "{9230790A-37FD-4A01-9CD9-E9830AD824CE}"
EndProject
Global
	GlobalSection(SolutionConfigurationPlatforms) = preSolution
		Debug|Any CPU = Debug|Any CPU
		Release|Any CPU = Release|Any CPU
	EndGlobalSection
	GlobalSection(ProjectConfigurationPlatforms) = postSolution
		{9230790A-37FD-4A01-9CD9-E9830AD824CE}.Debug|Any CPU.ActiveCfg = Debug|Any CPU
		{9230790A-37FD-4A01-9CD9-E9830AD824CE}.Debug|Any CPU.Build.0 = Debug|Any CPU
		{9230790A-37FD-4A01-9CD9-E9830AD824CE}.Release|Any CPU.ActiveCfg = Release|Any CPU
		{9230790A-37FD-4A01-9CD9-E9830AD824CE}.Release|Any CPU.Build.0 = Release|Any CPU
	EndGlobalSection
	GlobalSection(SolutionProperties) = preSolution
		HideSolutionNode = FALSE
	EndGlobalSection
	GlobalSection(ExtensibilityGlobals) = postSolution
		SolutionGuid = {0054C6F1-1D8C-4355-BEE8-245108580031}
	EndGlobalSection
EndGlobal
